// !$*UTF8*$!
{
	archiveVersion = 1;
	classes = {
	};
	objectVersion = 50;
	objects = {

/* Begin PBXBuildFile section */
		7DDAE03F239A6CD0007CD630 /* AppDelegate.swift in Sources */ = {isa = PBXBuildFile; fileRef = 7DDAE03E239A6CD0007CD630 /* AppDelegate.swift */; };
		7DDAE041239A6CD0007CD630 /* SceneDelegate.swift in Sources */ = {isa = PBXBuildFile; fileRef = 7DDAE040239A6CD0007CD630 /* SceneDelegate.swift */; };
		7DDAE043239A6CD0007CD630 /* ContentView.swift in Sources */ = {isa = PBXBuildFile; fileRef = 7DDAE042239A6CD0007CD630 /* ContentView.swift */; };
		7DDAE045239A6CD2007CD630 /* Assets.xcassets in Resources */ = {isa = PBXBuildFile; fileRef = 7DDAE044239A6CD2007CD630 /* Assets.xcassets */; };
		7DDAE048239A6CD2007CD630 /* Preview Assets.xcassets in Resources */ = {isa = PBXBuildFile; fileRef = 7DDAE047239A6CD2007CD630 /* Preview Assets.xcassets */; };
		7DDAE04B239A6CD2007CD630 /* LaunchScreen.storyboard in Resources */ = {isa = PBXBuildFile; fileRef = 7DDAE049239A6CD2007CD630 /* LaunchScreen.storyboard */; };
		7DDAE056239A6CD3007CD630 /* Metal_TricksTests.swift in Sources */ = {isa = PBXBuildFile; fileRef = 7DDAE055239A6CD3007CD630 /* Metal_TricksTests.swift */; };
/* End PBXBuildFile section */

/* Begin PBXContainerItemProxy section */
		7DDAE052239A6CD3007CD630 /* PBXContainerItemProxy */ = {
			isa = PBXContainerItemProxy;
			containerPortal = 7DDAE033239A6CCF007CD630 /* Project object */;
			proxyType = 1;
			remoteGlobalIDString = 7DDAE03A239A6CD0007CD630;
			remoteInfo = "Metal-Tricks";
		};
/* End PBXContainerItemProxy section */

/* Begin PBXFileReference section */
		7DDAE03B239A6CD0007CD630 /* Metal-Tricks.app */ = {isa = PBXFileReference; explicitFileType = wrapper.application; includeInIndex = 0; path = "Metal-Tricks.app"; sourceTree = BUILT_PRODUCTS_DIR; };
		7DDAE03E239A6CD0007CD630 /* AppDelegate.swift */ = {isa = PBXFileReference; lastKnownFileType = sourcecode.swift; path = AppDelegate.swift; sourceTree = "<group>"; };
		7DDAE040239A6CD0007CD630 /* SceneDelegate.swift */ = {isa = PBXFileReference; lastKnownFileType = sourcecode.swift; path = SceneDelegate.swift; sourceTree = "<group>"; };
		7DDAE042239A6CD0007CD630 /* ContentView.swift */ = {isa = PBXFileReference; lastKnownFileType = sourcecode.swift; path = ContentView.swift; sourceTree = "<group>"; };
		7DDAE044239A6CD2007CD630 /* Assets.xcassets */ = {isa = PBXFileReference; lastKnownFileType = folder.assetcatalog; path = Assets.xcassets; sourceTree = "<group>"; };
		7DDAE047239A6CD2007CD630 /* Preview Assets.xcassets */ = {isa = PBXFileReference; lastKnownFileType = folder.assetcatalog; path = "Preview Assets.xcassets"; sourceTree = "<group>"; };
		7DDAE04A239A6CD2007CD630 /* Base */ = {isa = PBXFileReference; lastKnownFileType = file.storyboard; name = Base; path = Base.lproj/LaunchScreen.storyboard; sourceTree = "<group>"; };
		7DDAE04C239A6CD2007CD630 /* Info.plist */ = {isa = PBXFileReference; lastKnownFileType = text.plist.xml; path = Info.plist; sourceTree = "<group>"; };
		7DDAE051239A6CD3007CD630 /* Metal-TricksTests.xctest */ = {isa = PBXFileReference; explicitFileType = wrapper.cfbundle; includeInIndex = 0; path = "Metal-TricksTests.xctest"; sourceTree = BUILT_PRODUCTS_DIR; };
		7DDAE055239A6CD3007CD630 /* Metal_TricksTests.swift */ = {isa = PBXFileReference; lastKnownFileType = sourcecode.swift; path = Metal_TricksTests.swift; sourceTree = "<group>"; };
		7DDAE057239A6CD3007CD630 /* Info.plist */ = {isa = PBXFileReference; lastKnownFileType = text.plist.xml; path = Info.plist; sourceTree = "<group>"; };
		7DDAE060239A6D0E007CD630 /* Metal-Tricks.entitlements */ = {isa = PBXFileReference; lastKnownFileType = text.plist.entitlements; path = "Metal-Tricks.entitlements"; sourceTree = "<group>"; };
/* End PBXFileReference section */

/* Begin PBXFrameworksBuildPhase section */
		7DDAE038239A6CD0007CD630 /* Frameworks */ = {
			isa = PBXFrameworksBuildPhase;
			buildActionMask = 2147483647;
			files = (
			);
			runOnlyForDeploymentPostprocessing = 0;
		};
		7DDAE04E239A6CD3007CD630 /* Frameworks */ = {
			isa = PBXFrameworksBuildPhase;
			buildActionMask = 2147483647;
			files = (
			);
			runOnlyForDeploymentPostprocessing = 0;
		};
/* End PBXFrameworksBuildPhase section */

/* Begin PBXGroup section */
		7DDAE032239A6CCF007CD630 = {
			isa = PBXGroup;
			children = (
				7DDAE03D239A6CD0007CD630 /* Metal-Tricks */,
				7DDAE054239A6CD3007CD630 /* Metal-TricksTests */,
				7DDAE03C239A6CD0007CD630 /* Products */,
			);
			sourceTree = "<group>";
		};
		7DDAE03C239A6CD0007CD630 /* Products */ = {
			isa = PBXGroup;
			children = (
				7DDAE03B239A6CD0007CD630 /* Metal-Tricks.app */,
				7DDAE051239A6CD3007CD630 /* Metal-TricksTests.xctest */,
			);
			name = Products;
			sourceTree = "<group>";
		};
		7DDAE03D239A6CD0007CD630 /* Metal-Tricks */ = {
			isa = PBXGroup;
			children = (
				7DDAE061239A6D88007CD630 /* SwiftUI */,
			);
			path = "Metal-Tricks";
			sourceTree = "<group>";
		};
		7DDAE046239A6CD2007CD630 /* Preview Content */ = {
			isa = PBXGroup;
			children = (
				7DDAE047239A6CD2007CD630 /* Preview Assets.xcassets */,
			);
			path = "Preview Content";
			sourceTree = "<group>";
		};
		7DDAE054239A6CD3007CD630 /* Metal-TricksTests */ = {
			isa = PBXGroup;
			children = (
				7DDAE055239A6CD3007CD630 /* Metal_TricksTests.swift */,
				7DDAE057239A6CD3007CD630 /* Info.plist */,
			);
			path = "Metal-TricksTests";
			sourceTree = "<group>";
		};
		7DDAE061239A6D88007CD630 /* SwiftUI */ = {
			isa = PBXGroup;
			children = (
				7DDAE046239A6CD2007CD630 /* Preview Content */,
				7DDAE060239A6D0E007CD630 /* Metal-Tricks.entitlements */,
				7DDAE03E239A6CD0007CD630 /* AppDelegate.swift */,
				7DDAE040239A6CD0007CD630 /* SceneDelegate.swift */,
				7DDAE042239A6CD0007CD630 /* ContentView.swift */,
				7DDAE044239A6CD2007CD630 /* Assets.xcassets */,
				7DDAE049239A6CD2007CD630 /* LaunchScreen.storyboard */,
				7DDAE04C239A6CD2007CD630 /* Info.plist */,
			);
			path = SwiftUI;
			sourceTree = "<group>";
		};
/* End PBXGroup section */

/* Begin PBXNativeTarget section */
		7DDAE03A239A6CD0007CD630 /* Metal-Tricks */ = {
			isa = PBXNativeTarget;
			buildConfigurationList = 7DDAE05A239A6CD3007CD630 /* Build configuration list for PBXNativeTarget "Metal-Tricks" */;
			buildPhases = (
				7DDAE037239A6CD0007CD630 /* Sources */,
				7DDAE038239A6CD0007CD630 /* Frameworks */,
				7DDAE039239A6CD0007CD630 /* Resources */,
			);
			buildRules = (
			);
			dependencies = (
			);
			name = "Metal-Tricks";
			productName = "Metal-Tricks";
			productReference = 7DDAE03B239A6CD0007CD630 /* Metal-Tricks.app */;
			productType = "com.apple.product-type.application";
		};
		7DDAE050239A6CD3007CD630 /* Metal-TricksTests */ = {
			isa = PBXNativeTarget;
			buildConfigurationList = 7DDAE05D239A6CD3007CD630 /* Build configuration list for PBXNativeTarget "Metal-TricksTests" */;
			buildPhases = (
				7DDAE04D239A6CD3007CD630 /* Sources */,
				7DDAE04E239A6CD3007CD630 /* Frameworks */,
				7DDAE04F239A6CD3007CD630 /* Resources */,
			);
			buildRules = (
			);
			dependencies = (
				7DDAE053239A6CD3007CD630 /* PBXTargetDependency */,
			);
			name = "Metal-TricksTests";
			productName = "Metal-TricksTests";
			productReference = 7DDAE051239A6CD3007CD630 /* Metal-TricksTests.xctest */;
			productType = "com.apple.product-type.bundle.unit-test";
		};
/* End PBXNativeTarget section */

/* Begin PBXProject section */
		7DDAE033239A6CCF007CD630 /* Project object */ = {
			isa = PBXProject;
			attributes = {
				LastSwiftUpdateCheck = 1100;
				LastUpgradeCheck = 1100;
				ORGANIZATIONNAME = "Chip Jarred";
				TargetAttributes = {
					7DDAE03A239A6CD0007CD630 = {
						CreatedOnToolsVersion = 11.0;
					};
					7DDAE050239A6CD3007CD630 = {
						CreatedOnToolsVersion = 11.0;
						TestTargetID = 7DDAE03A239A6CD0007CD630;
					};
				};
			};
			buildConfigurationList = 7DDAE036239A6CCF007CD630 /* Build configuration list for PBXProject "Metal-Tricks" */;
			compatibilityVersion = "Xcode 9.3";
			developmentRegion = en;
			hasScannedForEncodings = 0;
			knownRegions = (
				en,
				Base,
			);
			mainGroup = 7DDAE032239A6CCF007CD630;
			productRefGroup = 7DDAE03C239A6CD0007CD630 /* Products */;
			projectDirPath = "";
			projectRoot = "";
			targets = (
				7DDAE03A239A6CD0007CD630 /* Metal-Tricks */,
				7DDAE050239A6CD3007CD630 /* Metal-TricksTests */,
			);
		};
/* End PBXProject section */

/* Begin PBXResourcesBuildPhase section */
		7DDAE039239A6CD0007CD630 /* Resources */ = {
			isa = PBXResourcesBuildPhase;
			buildActionMask = 2147483647;
			files = (
				7DDAE04B239A6CD2007CD630 /* LaunchScreen.storyboard in Resources */,
				7DDAE048239A6CD2007CD630 /* Preview Assets.xcassets in Resources */,
				7DDAE045239A6CD2007CD630 /* Assets.xcassets in Resources */,
			);
			runOnlyForDeploymentPostprocessing = 0;
		};
		7DDAE04F239A6CD3007CD630 /* Resources */ = {
			isa = PBXResourcesBuildPhase;
			buildActionMask = 2147483647;
			files = (
			);
			runOnlyForDeploymentPostprocessing = 0;
		};
/* End PBXResourcesBuildPhase section */

/* Begin PBXSourcesBuildPhase section */
		7DDAE037239A6CD0007CD630 /* Sources */ = {
			isa = PBXSourcesBuildPhase;
			buildActionMask = 2147483647;
			files = (
				7DDAE03F239A6CD0007CD630 /* AppDelegate.swift in Sources */,
				7DDAE041239A6CD0007CD630 /* SceneDelegate.swift in Sources */,
				7DDAE043239A6CD0007CD630 /* ContentView.swift in Sources */,
			);
			runOnlyForDeploymentPostprocessing = 0;
		};
		7DDAE04D239A6CD3007CD630 /* Sources */ = {
			isa = PBXSourcesBuildPhase;
			buildActionMask = 2147483647;
			files = (
				7DDAE056239A6CD3007CD630 /* Metal_TricksTests.swift in Sources */,
			);
			runOnlyForDeploymentPostprocessing = 0;
		};
/* End PBXSourcesBuildPhase section */

/* Begin PBXTargetDependency section */
		7DDAE053239A6CD3007CD630 /* PBXTargetDependency */ = {
			isa = PBXTargetDependency;
			target = 7DDAE03A239A6CD0007CD630 /* Metal-Tricks */;
			targetProxy = 7DDAE052239A6CD3007CD630 /* PBXContainerItemProxy */;
		};
/* End PBXTargetDependency section */

/* Begin PBXVariantGroup section */
		7DDAE049239A6CD2007CD630 /* LaunchScreen.storyboard */ = {
			isa = PBXVariantGroup;
			children = (
				7DDAE04A239A6CD2007CD630 /* Base */,
			);
			name = LaunchScreen.storyboard;
			sourceTree = "<group>";
		};
/* End PBXVariantGroup section */

/* Begin XCBuildConfiguration section */
		7DDAE058239A6CD3007CD630 /* Debug */ = {
			isa = XCBuildConfiguration;
			buildSettings = {
				ALWAYS_SEARCH_USER_PATHS = NO;
				CLANG_ANALYZER_NONNULL = YES;
				CLANG_ANALYZER_NUMBER_OBJECT_CONVERSION = YES_AGGRESSIVE;
				CLANG_CXX_LANGUAGE_STANDARD = "gnu++14";
				CLANG_CXX_LIBRARY = "libc++";
				CLANG_ENABLE_MODULES = YES;
				CLANG_ENABLE_OBJC_ARC = YES;
				CLANG_ENABLE_OBJC_WEAK = YES;
				CLANG_WARN_BLOCK_CAPTURE_AUTORELEASING = YES;
				CLANG_WARN_BOOL_CONVERSION = YES;
				CLANG_WARN_COMMA = YES;
				CLANG_WARN_CONSTANT_CONVERSION = YES;
				CLANG_WARN_DEPRECATED_OBJC_IMPLEMENTATIONS = YES;
				CLANG_WARN_DIRECT_OBJC_ISA_USAGE = YES_ERROR;
				CLANG_WARN_DOCUMENTATION_COMMENTS = YES;
				CLANG_WARN_EMPTY_BODY = YES;
				CLANG_WARN_ENUM_CONVERSION = YES;
				CLANG_WARN_INFINITE_RECURSION = YES;
				CLANG_WARN_INT_CONVERSION = YES;
				CLANG_WARN_NON_LITERAL_NULL_CONVERSION = YES;
				CLANG_WARN_OBJC_IMPLICIT_RETAIN_SELF = YES;
				CLANG_WARN_OBJC_LITERAL_CONVERSION = YES;
				CLANG_WARN_OBJC_ROOT_CLASS = YES_ERROR;
				CLANG_WARN_RANGE_LOOP_ANALYSIS = YES;
				CLANG_WARN_STRICT_PROTOTYPES = YES;
				CLANG_WARN_SUSPICIOUS_MOVE = YES;
				CLANG_WARN_UNGUARDED_AVAILABILITY = YES_AGGRESSIVE;
				CLANG_WARN_UNREACHABLE_CODE = YES;
				CLANG_WARN__DUPLICATE_METHOD_MATCH = YES;
				COPY_PHASE_STRIP = NO;
				DEBUG_INFORMATION_FORMAT = dwarf;
				ENABLE_STRICT_OBJC_MSGSEND = YES;
				ENABLE_TESTABILITY = YES;
				GCC_C_LANGUAGE_STANDARD = gnu11;
				GCC_DYNAMIC_NO_PIC = NO;
				GCC_NO_COMMON_BLOCKS = YES;
				GCC_OPTIMIZATION_LEVEL = 0;
				GCC_PREPROCESSOR_DEFINITIONS = (
					"DEBUG=1",
					"$(inherited)",
				);
				GCC_WARN_64_TO_32_BIT_CONVERSION = YES;
				GCC_WARN_ABOUT_RETURN_TYPE = YES_ERROR;
				GCC_WARN_UNDECLARED_SELECTOR = YES;
				GCC_WARN_UNINITIALIZED_AUTOS = YES_AGGRESSIVE;
				GCC_WARN_UNUSED_FUNCTION = YES;
				GCC_WARN_UNUSED_VARIABLE = YES;
				IPHONEOS_DEPLOYMENT_TARGET = 13.0;
				MTL_ENABLE_DEBUG_INFO = INCLUDE_SOURCE;
				MTL_FAST_MATH = YES;
				ONLY_ACTIVE_ARCH = YES;
				SDKROOT = iphoneos;
				SWIFT_ACTIVE_COMPILATION_CONDITIONS = DEBUG;
				SWIFT_OPTIMIZATION_LEVEL = "-Onone";
			};
			name = Debug;
		};
		7DDAE059239A6CD3007CD630 /* Release */ = {
			isa = XCBuildConfiguration;
			buildSettings = {
				ALWAYS_SEARCH_USER_PATHS = NO;
				CLANG_ANALYZER_NONNULL = YES;
				CLANG_ANALYZER_NUMBER_OBJECT_CONVERSION = YES_AGGRESSIVE;
				CLANG_CXX_LANGUAGE_STANDARD = "gnu++14";
				CLANG_CXX_LIBRARY = "libc++";
				CLANG_ENABLE_MODULES = YES;
				CLANG_ENABLE_OBJC_ARC = YES;
				CLANG_ENABLE_OBJC_WEAK = YES;
				CLANG_WARN_BLOCK_CAPTURE_AUTORELEASING = YES;
				CLANG_WARN_BOOL_CONVERSION = YES;
				CLANG_WARN_COMMA = YES;
				CLANG_WARN_CONSTANT_CONVERSION = YES;
				CLANG_WARN_DEPRECATED_OBJC_IMPLEMENTATIONS = YES;
				CLANG_WARN_DIRECT_OBJC_ISA_USAGE = YES_ERROR;
				CLANG_WARN_DOCUMENTATION_COMMENTS = YES;
				CLANG_WARN_EMPTY_BODY = YES;
				CLANG_WARN_ENUM_CONVERSION = YES;
				CLANG_WARN_INFINITE_RECURSION = YES;
				CLANG_WARN_INT_CONVERSION = YES;
				CLANG_WARN_NON_LITERAL_NULL_CONVERSION = YES;
				CLANG_WARN_OBJC_IMPLICIT_RETAIN_SELF = YES;
				CLANG_WARN_OBJC_LITERAL_CONVERSION = YES;
				CLANG_WARN_OBJC_ROOT_CLASS = YES_ERROR;
				CLANG_WARN_RANGE_LOOP_ANALYSIS = YES;
				CLANG_WARN_STRICT_PROTOTYPES = YES;
				CLANG_WARN_SUSPICIOUS_MOVE = YES;
				CLANG_WARN_UNGUARDED_AVAILABILITY = YES_AGGRESSIVE;
				CLANG_WARN_UNREACHABLE_CODE = YES;
				CLANG_WARN__DUPLICATE_METHOD_MATCH = YES;
				COPY_PHASE_STRIP = NO;
				DEBUG_INFORMATION_FORMAT = "dwarf-with-dsym";
				ENABLE_NS_ASSERTIONS = NO;
				ENABLE_STRICT_OBJC_MSGSEND = YES;
				GCC_C_LANGUAGE_STANDARD = gnu11;
				GCC_NO_COMMON_BLOCKS = YES;
				GCC_WARN_64_TO_32_BIT_CONVERSION = YES;
				GCC_WARN_ABOUT_RETURN_TYPE = YES_ERROR;
				GCC_WARN_UNDECLARED_SELECTOR = YES;
				GCC_WARN_UNINITIALIZED_AUTOS = YES_AGGRESSIVE;
				GCC_WARN_UNUSED_FUNCTION = YES;
				GCC_WARN_UNUSED_VARIABLE = YES;
				IPHONEOS_DEPLOYMENT_TARGET = 13.0;
				MTL_ENABLE_DEBUG_INFO = NO;
				MTL_FAST_MATH = YES;
				SDKROOT = iphoneos;
				SWIFT_COMPILATION_MODE = wholemodule;
				SWIFT_OPTIMIZATION_LEVEL = "-O";
				VALIDATE_PRODUCT = YES;
			};
			name = Release;
		};
		7DDAE05B239A6CD3007CD630 /* Debug */ = {
			isa = XCBuildConfiguration;
			buildSettings = {
				ASSETCATALOG_COMPILER_APPICON_NAME = AppIcon;
				CODE_SIGN_ENTITLEMENTS = "Metal-Tricks/SwiftUI/Metal-Tricks.entitlements";
				CODE_SIGN_STYLE = Automatic;
				DERIVE_MACCATALYST_PRODUCT_BUNDLE_IDENTIFIER = YES;
				DEVELOPMENT_ASSET_PATHS = "\"Metal-Tricks/SwiftUI/Preview Content\"";
				DEVELOPMENT_TEAM = B6QFK6MJHL;
				ENABLE_PREVIEWS = YES;
				INFOPLIST_FILE = "Metal-Tricks/SwiftUI/Info.plist";
				LD_RUNPATH_SEARCH_PATHS = (
					"$(inherited)",
					"@executable_path/Frameworks",
				);
				PRODUCT_BUNDLE_IDENTIFIER = "SkyNet.Metal-Tricks";
				PRODUCT_NAME = "$(TARGET_NAME)";
				SUPPORTS_MACCATALYST = YES;
				SWIFT_VERSION = 5.0;
				TARGETED_DEVICE_FAMILY = 2;
			};
			name = Debug;
		};
		7DDAE05C239A6CD3007CD630 /* Release */ = {
			isa = XCBuildConfiguration;
			buildSettings = {
				ASSETCATALOG_COMPILER_APPICON_NAME = AppIcon;
				CODE_SIGN_ENTITLEMENTS = "Metal-Tricks/SwiftUI/Metal-Tricks.entitlements";
				CODE_SIGN_STYLE = Automatic;
				DERIVE_MACCATALYST_PRODUCT_BUNDLE_IDENTIFIER = YES;
				DEVELOPMENT_ASSET_PATHS = "\"Metal-Tricks/SwiftUI/Preview Content\"";
				DEVELOPMENT_TEAM = B6QFK6MJHL;
				ENABLE_PREVIEWS = YES;
				INFOPLIST_FILE = "Metal-Tricks/SwiftUI/Info.plist";
				LD_RUNPATH_SEARCH_PATHS = (
					"$(inherited)",
					"@executable_path/Frameworks",
				);
				PRODUCT_BUNDLE_IDENTIFIER = "SkyNet.Metal-Tricks";
				PRODUCT_NAME = "$(TARGET_NAME)";
				SUPPORTS_MACCATALYST = YES;
				SWIFT_VERSION = 5.0;
				TARGETED_DEVICE_FAMILY = 2;
			};
			name = Release;
		};
		7DDAE05E239A6CD3007CD630 /* Debug */ = {
			isa = XCBuildConfiguration;
			buildSettings = {
				ALWAYS_EMBED_SWIFT_STANDARD_LIBRARIES = YES;
				BUNDLE_LOADER = "$(TEST_HOST)";
				CODE_SIGN_STYLE = Automatic;
				DEVELOPMENT_TEAM = B6QFK6MJHL;
				INFOPLIST_FILE = "Metal-TricksTests/Info.plist";
				IPHONEOS_DEPLOYMENT_TARGET = 13.0;
				LD_RUNPATH_SEARCH_PATHS = (
					"$(inherited)",
					"@executable_path/Frameworks",
					"@loader_path/Frameworks",
				);
				PRODUCT_BUNDLE_IDENTIFIER = "SkyNet.Metal-TricksTests";
				PRODUCT_NAME = "$(TARGET_NAME)";
				SWIFT_VERSION = 5.0;
				TARGETED_DEVICE_FAMILY = "1,2";
				TEST_HOST = "$(BUILT_PRODUCTS_DIR)/Metal-Tricks.app/Metal-Tricks";
			};
			name = Debug;
		};
		7DDAE05F239A6CD3007CD630 /* Release */ = {
			isa = XCBuildConfiguration;
			buildSettings = {
				ALWAYS_EMBED_SWIFT_STANDARD_LIBRARIES = YES;
				BUNDLE_LOADER = "$(TEST_HOST)";
				CODE_SIGN_STYLE = Automatic;
				DEVELOPMENT_TEAM = B6QFK6MJHL;
				INFOPLIST_FILE = "Metal-TricksTests/Info.plist";
				IPHONEOS_DEPLOYMENT_TARGET = 13.0;
				LD_RUNPATH_SEARCH_PATHS = (
					"$(inherited)",
					"@executable_path/Frameworks",
					"@loader_path/Frameworks",
				);
				PRODUCT_BUNDLE_IDENTIFIER = "SkyNet.Metal-TricksTests";
				PRODUCT_NAME = "$(TARGET_NAME)";
				SWIFT_VERSION = 5.0;
				TARGETED_DEVICE_FAMILY = "1,2";
				TEST_HOST = "$(BUILT_PRODUCTS_DIR)/Metal-Tricks.app/Metal-Tricks";
			};
			name = Release;
		};
/* End XCBuildConfiguration section */

/* Begin XCConfigurationList section */
		7DDAE036239A6CCF007CD630 /* Build configuration list for PBXProject "Metal-Tricks" */ = {
			isa = XCConfigurationList;
			buildConfigurations = (
				7DDAE058239A6CD3007CD630 /* Debug */,
				7DDAE059239A6CD3007CD630 /* Release */,
			);
			defaultConfigurationIsVisible = 0;
			defaultConfigurationName = Release;
		};
		7DDAE05A239A6CD3007CD630 /* Build configuration list for PBXNativeTarget "Metal-Tricks" */ = {
			isa = XCConfigurationList;
			buildConfigurations = (
				7DDAE05B239A6CD3007CD630 /* Debug */,
				7DDAE05C239A6CD3007CD630 /* Release */,
			);
			defaultConfigurationIsVisible = 0;
			defaultConfigurationName = Release;
		};
		7DDAE05D239A6CD3007CD630 /* Build configuration list for PBXNativeTarget "Metal-TricksTests" */ = {
			isa = XCConfigurationList;
			buildConfigurations = (
				7DDAE05E239A6CD3007CD630 /* Debug */,
				7DDAE05F239A6CD3007CD630 /* Release */,
			);
			defaultConfigurationIsVisible = 0;
			defaultConfigurationName = Release;
		};
/* End XCConfigurationList section */
	};
	rootObject = 7DDAE033239A6CCF007CD630 /* Project object */;
}
